{
  "nodes": {
    "nixpkgs": {
      "locked": {
        "lastModified": 1679225441,
        "narHash": "sha256-oFJ8WP9T215rX+fGSmlNNlW8d67u3+AlI1eNfqs0lEI=",
        "owner": "NixOS",
        "repo": "nixpkgs",
        "rev": "ac77663c35d77d8844c85d244044bd4c5b7d2820",
        "type": "github"
      },
      "original": {
        "owner": "NixOS",
        "repo": "nixpkgs",
        "type": "github"
      }
    },
    "root": {
      "inputs": {
        "nixpkgs": "nixpkgs"
      }
    }
  },
  "root": "root",
  "version": 7
}
